# THIS IS AN AUTOGENERATED FILE. DO NOT EDIT THIS FILE DIRECTLY.
# yarn lockfile v1


sugar-core@^2.0.0:
  version "2.0.4"
  resolved "https://registry.yarnpkg.com/sugar-core/-/sugar-core-2.0.4.tgz#9db0730e6c47eb7d28184a79c4ab18b2b7946ca0"

sugar-inflections@^2.0.4:
  version "2.0.4"
  resolved "https://registry.yarnpkg.com/sugar-inflections/-/sugar-inflections-2.0.4.tgz#9746993d3fd7e38c6e4a48024505008b02fd51ef"
  dependencies:
    sugar-core "^2.0.0"

sugar-language@^2.0.4:
  version "2.0.4"
  resolved "https://registry.yarnpkg.com/sugar-language/-/sugar-language-2.0.4.tgz#37172892ea241f6f2047bb34524e560c6fc6ee32"
  dependencies:
    sugar-core "^2.0.0"

sugar@^2.0.4:
  version "2.0.4"
  resolved "https://registry.yarnpkg.com/sugar/-/sugar-2.0.4.tgz#79a6fa4dabc587fb855a52ee7176dd042bf757b0"
  dependencies:
    sugar-core "^2.0.0"
